
Microsoft Visual Studio Solution File, Format Version 12.00
# Visual Studio Version 17
VisualStudioVersion = 17.8.34330.188
MinimumVisualStudioVersion = 10.0.40219.1
Project("{FAE04EC0-301F-11D3-BF4B-00C04F79EFBC}") = "Teste", "Teste\Teste.csproj", "{F652C7D0-8AF3-4371-8D51-55CC944E0870}"
EndProject
Global
	GlobalSection(SolutionConfigurationPlatforms) = preSolution
		Debug|Any CPU = Debug|Any CPU
		Release|Any CPU = Release|Any CPU
	EndGlobalSection
	GlobalSection(ProjectConfigurationPlatforms) = postSolution
		{F652C7D0-8AF3-4371-8D51-55CC944E0870}.Debug|Any CPU.ActiveCfg = Debug|Any CPU
		{F652C7D0-8AF3-4371-8D51-55CC944E0870}.Debug|Any CPU.Build.0 = Debug|Any CPU
		{F652C7D0-8AF3-4371-8D51-55CC944E0870}.Debug|Any CPU.Deploy.0 = Debug|Any CPU
		{F652C7D0-8AF3-4371-8D51-55CC944E0870}.Release|Any CPU.ActiveCfg = Release|Any CPU
		{F652C7D0-8AF3-4371-8D51-55CC944E0870}.Release|Any CPU.Build.0 = Release|Any CPU
		{F652C7D0-8AF3-4371-8D51-55CC944E0870}.Release|Any CPU.Deploy.0 = Release|Any CPU
	EndGlobalSection
	GlobalSection(SolutionProperties) = preSolution
		HideSolutionNode = FALSE
	EndGlobalSection
	GlobalSection(ExtensibilityGlobals) = postSolution
		SolutionGuid = {989F8843-85C8-41BA-ABEB-158F1C049B59}
	EndGlobalSection
EndGlobal
